
Microsoft Visual Studio Solution File, Format Version 12.00
# Visual Studio 2012
Project("{FAE04EC0-301F-11D3-BF4B-00C04F79EFBC}") = "top çarptırma", "top çarptırma\top çarptırma.csproj", "{B66373C8-3BB4-4F96-88B8-F61D593689E1}"
EndProject
Global
	GlobalSection(SolutionConfigurationPlatforms) = preSolution
		Debug|Any CPU = Debug|Any CPU
		Release|Any CPU = Release|Any CPU
	EndGlobalSection
	GlobalSection(ProjectConfigurationPlatforms) = postSolution
		{B66373C8-3BB4-4F96-88B8-F61D593689E1}.Debug|Any CPU.ActiveCfg = Debug|Any CPU
		{B66373C8-3BB4-4F96-88B8-F61D593689E1}.Debug|Any CPU.Build.0 = Debug|Any CPU
		{B66373C8-3BB4-4F96-88B8-F61D593689E1}.Release|Any CPU.ActiveCfg = Release|Any CPU
		{B66373C8-3BB4-4F96-88B8-F61D593689E1}.Release|Any CPU.Build.0 = Release|Any CPU
	EndGlobalSection
	GlobalSection(SolutionProperties) = preSolution
		HideSolutionNode = FALSE
	EndGlobalSection
EndGlobal
