
Microsoft Visual Studio Solution File, Format Version 12.00
# Visual Studio 2012
Project("{FAE04EC0-301F-11D3-BF4B-00C04F79EFBC}") = "Salısal loto kodu", "Salısal loto kodu\Salısal loto kodu.csproj", "{9724692E-E870-44F2-B912-BB91A7E861AA}"
EndProject
Global
	GlobalSection(SolutionConfigurationPlatforms) = preSolution
		Debug|Any CPU = Debug|Any CPU
		Release|Any CPU = Release|Any CPU
	EndGlobalSection
	GlobalSection(ProjectConfigurationPlatforms) = postSolution
		{9724692E-E870-44F2-B912-BB91A7E861AA}.Debug|Any CPU.ActiveCfg = Debug|Any CPU
		{9724692E-E870-44F2-B912-BB91A7E861AA}.Debug|Any CPU.Build.0 = Debug|Any CPU
		{9724692E-E870-44F2-B912-BB91A7E861AA}.Release|Any CPU.ActiveCfg = Release|Any CPU
		{9724692E-E870-44F2-B912-BB91A7E861AA}.Release|Any CPU.Build.0 = Release|Any CPU
	EndGlobalSection
	GlobalSection(SolutionProperties) = preSolution
		HideSolutionNode = FALSE
	EndGlobalSection
EndGlobal
