
Microsoft Visual Studio Solution File, Format Version 12.00
# Visual Studio 2012
Project("{FAE04EC0-301F-11D3-BF4B-00C04F79EFBC}") = "örenek 2", "örenek 2\örenek 2.csproj", "{8AA24BAC-3EA9-484D-BFED-F98CD1B47F2B}"
EndProject
Global
	GlobalSection(SolutionConfigurationPlatforms) = preSolution
		Debug|Any CPU = Debug|Any CPU
		Release|Any CPU = Release|Any CPU
	EndGlobalSection
	GlobalSection(ProjectConfigurationPlatforms) = postSolution
		{8AA24BAC-3EA9-484D-BFED-F98CD1B47F2B}.Debug|Any CPU.ActiveCfg = Debug|Any CPU
		{8AA24BAC-3EA9-484D-BFED-F98CD1B47F2B}.Debug|Any CPU.Build.0 = Debug|Any CPU
		{8AA24BAC-3EA9-484D-BFED-F98CD1B47F2B}.Release|Any CPU.ActiveCfg = Release|Any CPU
		{8AA24BAC-3EA9-484D-BFED-F98CD1B47F2B}.Release|Any CPU.Build.0 = Release|Any CPU
	EndGlobalSection
	GlobalSection(SolutionProperties) = preSolution
		HideSolutionNode = FALSE
	EndGlobalSection
EndGlobal
