
Microsoft Visual Studio Solution File, Format Version 12.00
# Visual Studio 2012
Project("{FAE04EC0-301F-11D3-BF4B-00C04F79EFBC}") = "ortalamayı 5lik not sistemin dönüştürme", "ortalamayı 5lik not sistemin dönüştürme\ortalamayı 5lik not sistemin dönüştürme.csproj", "{2AA5344F-11EA-4EE2-9007-9C4E4F8D3145}"
EndProject
Global
	GlobalSection(SolutionConfigurationPlatforms) = preSolution
		Debug|Any CPU = Debug|Any CPU
		Release|Any CPU = Release|Any CPU
	EndGlobalSection
	GlobalSection(ProjectConfigurationPlatforms) = postSolution
		{2AA5344F-11EA-4EE2-9007-9C4E4F8D3145}.Debug|Any CPU.ActiveCfg = Debug|Any CPU
		{2AA5344F-11EA-4EE2-9007-9C4E4F8D3145}.Debug|Any CPU.Build.0 = Debug|Any CPU
		{2AA5344F-11EA-4EE2-9007-9C4E4F8D3145}.Release|Any CPU.ActiveCfg = Release|Any CPU
		{2AA5344F-11EA-4EE2-9007-9C4E4F8D3145}.Release|Any CPU.Build.0 = Release|Any CPU
	EndGlobalSection
	GlobalSection(SolutionProperties) = preSolution
		HideSolutionNode = FALSE
	EndGlobalSection
EndGlobal
